
Microsoft Visual Studio Solution File, Format Version 12.00
# Visual Studio Version 17
VisualStudioVersion = 17.13.35919.96
MinimumVisualStudioVersion = 10.0.40219.1
Project("{FAE04EC0-301F-11D3-BF4B-00C04F79EFBC}") = "SalesSystem", "SalesSystem\SalesSystem.csproj", "{B938B670-EFD3-4E3C-8AA0-997B3ABF16EE}"
EndProject
Project("{FAE04EC0-301F-11D3-BF4B-00C04F79EFBC}") = "SalesSytem.API", "SalesSytem.API\SalesSytem.API.csproj", "{48B131FA-3233-4CC2-A916-3CFAFBEE8CE2}"
EndProject
Project("{FAE04EC0-301F-11D3-BF4B-00C04F79EFBC}") = "SalesSystem.Shared.Database", "SalesSystem.Shared.Database\SalesSystem.Shared.Database.csproj", "{6A3FE8CE-ED4F-4C03-B351-DE8EFC343D54}"
EndProject
Project("{FAE04EC0-301F-11D3-BF4B-00C04F79EFBC}") = "SalesSystem.Shared.Entities", "SalesSystem.Shared.Entities\SalesSystem.Shared.Entities.csproj", "{B2D693B8-C69A-4AB7-9594-6257D2A5A09A}"
EndProject
Global
	GlobalSection(SolutionConfigurationPlatforms) = preSolution
		Debug|Any CPU = Debug|Any CPU
		Release|Any CPU = Release|Any CPU
	EndGlobalSection
	GlobalSection(ProjectConfigurationPlatforms) = postSolution
		{B938B670-EFD3-4E3C-8AA0-997B3ABF16EE}.Debug|Any CPU.ActiveCfg = Debug|Any CPU
		{B938B670-EFD3-4E3C-8AA0-997B3ABF16EE}.Debug|Any CPU.Build.0 = Debug|Any CPU
		{B938B670-EFD3-4E3C-8AA0-997B3ABF16EE}.Release|Any CPU.ActiveCfg = Release|Any CPU
		{B938B670-EFD3-4E3C-8AA0-997B3ABF16EE}.Release|Any CPU.Build.0 = Release|Any CPU
		{48B131FA-3233-4CC2-A916-3CFAFBEE8CE2}.Debug|Any CPU.ActiveCfg = Debug|Any CPU
		{48B131FA-3233-4CC2-A916-3CFAFBEE8CE2}.Debug|Any CPU.Build.0 = Debug|Any CPU
		{48B131FA-3233-4CC2-A916-3CFAFBEE8CE2}.Release|Any CPU.ActiveCfg = Release|Any CPU
		{48B131FA-3233-4CC2-A916-3CFAFBEE8CE2}.Release|Any CPU.Build.0 = Release|Any CPU
		{6A3FE8CE-ED4F-4C03-B351-DE8EFC343D54}.Debug|Any CPU.ActiveCfg = Debug|Any CPU
		{6A3FE8CE-ED4F-4C03-B351-DE8EFC343D54}.Debug|Any CPU.Build.0 = Debug|Any CPU
		{6A3FE8CE-ED4F-4C03-B351-DE8EFC343D54}.Release|Any CPU.ActiveCfg = Release|Any CPU
		{6A3FE8CE-ED4F-4C03-B351-DE8EFC343D54}.Release|Any CPU.Build.0 = Release|Any CPU
		{B2D693B8-C69A-4AB7-9594-6257D2A5A09A}.Debug|Any CPU.ActiveCfg = Debug|Any CPU
		{B2D693B8-C69A-4AB7-9594-6257D2A5A09A}.Debug|Any CPU.Build.0 = Debug|Any CPU
		{B2D693B8-C69A-4AB7-9594-6257D2A5A09A}.Release|Any CPU.ActiveCfg = Release|Any CPU
		{B2D693B8-C69A-4AB7-9594-6257D2A5A09A}.Release|Any CPU.Build.0 = Release|Any CPU
	EndGlobalSection
	GlobalSection(SolutionProperties) = preSolution
		HideSolutionNode = FALSE
	EndGlobalSection
	GlobalSection(ExtensibilityGlobals) = postSolution
		SolutionGuid = {30B359D1-0A84-41B9-B647-5B1AD8952A26}
	EndGlobalSection
EndGlobal
