
Microsoft Visual Studio Solution File, Format Version 12.00
# Visual Studio Version 17
VisualStudioVersion = 17.13.35919.96 d17.13
MinimumVisualStudioVersion = 10.0.40219.1
Project("{FAE04EC0-301F-11D3-BF4B-00C04F79EFBC}") = "SalesSystem", "SalesSystem\SalesSystem.csproj", "{B938B670-EFD3-4E3C-8AA0-997B3ABF16EE}"
EndProject
Global
	GlobalSection(SolutionConfigurationPlatforms) = preSolution
		Debug|Any CPU = Debug|Any CPU
		Release|Any CPU = Release|Any CPU
	EndGlobalSection
	GlobalSection(ProjectConfigurationPlatforms) = postSolution
		{B938B670-EFD3-4E3C-8AA0-997B3ABF16EE}.Debug|Any CPU.ActiveCfg = Debug|Any CPU
		{B938B670-EFD3-4E3C-8AA0-997B3ABF16EE}.Debug|Any CPU.Build.0 = Debug|Any CPU
		{B938B670-EFD3-4E3C-8AA0-997B3ABF16EE}.Release|Any CPU.ActiveCfg = Release|Any CPU
		{B938B670-EFD3-4E3C-8AA0-997B3ABF16EE}.Release|Any CPU.Build.0 = Release|Any CPU
	EndGlobalSection
	GlobalSection(SolutionProperties) = preSolution
		HideSolutionNode = FALSE
	EndGlobalSection
	GlobalSection(ExtensibilityGlobals) = postSolution
		SolutionGuid = {30B359D1-0A84-41B9-B647-5B1AD8952A26}
	EndGlobalSection
EndGlobal
